// !$*UTF8*$!
{
	archiveVersion = 1;
	classes = {
	};
	objectVersion = 50;
	objects = {

/* Begin PBXBuildFile section */
		68CCAA4026D771C400C6C633 /* AppDelegate.swift in Sources */ = {isa = PBXBuildFile; fileRef = 68CCAA3F26D771C400C6C633 /* AppDelegate.swift */; };
		68CCAA4226D771C400C6C633 /* SceneDelegate.swift in Sources */ = {isa = PBXBuildFile; fileRef = 68CCAA4126D771C400C6C633 /* SceneDelegate.swift */; };
		68CCAA4426D771C400C6C633 /* ViewController.swift in Sources */ = {isa = PBXBuildFile; fileRef = 68CCAA4326D771C400C6C633 /* ViewController.swift */; };
		68CCAA4726D771C400C6C633 /* Main.storyboard in Resources */ = {isa = PBXBuildFile; fileRef = 68CCAA4526D771C400C6C633 /* Main.storyboard */; };
		68CCAA4926D771CB00C6C633 /* Assets.xcassets in Resources */ = {isa = PBXBuildFile; fileRef = 68CCAA4826D771CB00C6C633 /* Assets.xcassets */; };
		68CCAA4C26D771CB00C6C633 /* LaunchScreen.storyboard in Resources */ = {isa = PBXBuildFile; fileRef = 68CCAA4A26D771CB00C6C633 /* LaunchScreen.storyboard */; };
/* End PBXBuildFile section */

/* Begin PBXFileReference section */
		68CCAA3C26D771C400C6C633 /* SimpleVK.app */ = {isa = PBXFileReference; explicitFileType = wrapper.application; includeInIndex = 0; path = SimpleVK.app; sourceTree = BUILT_PRODUCTS_DIR; };
		68CCAA3F26D771C400C6C633 /* AppDelegate.swift */ = {isa = PBXFileReference; lastKnownFileType = sourcecode.swift; path = AppDelegate.swift; sourceTree = "<group>"; };
		68CCAA4126D771C400C6C633 /* SceneDelegate.swift */ = {isa = PBXFileReference; lastKnownFileType = sourcecode.swift; path = SceneDelegate.swift; sourceTree = "<group>"; };
		68CCAA4326D771C400C6C633 /* ViewController.swift */ = {isa = PBXFileReference; lastKnownFileType = sourcecode.swift; path = ViewController.swift; sourceTree = "<group>"; };
		68CCAA4626D771C400C6C633 /* Base */ = {isa = PBXFileReference; lastKnownFileType = file.storyboard; name = Base; path = Base.lproj/Main.storyboard; sourceTree = "<group>"; };
		68CCAA4826D771CB00C6C633 /* Assets.xcassets */ = {isa = PBXFileReference; lastKnownFileType = folder.assetcatalog; path = Assets.xcassets; sourceTree = "<group>"; };
		68CCAA4B26D771CB00C6C633 /* Base */ = {isa = PBXFileReference; lastKnownFileType = file.storyboard; name = Base; path = Base.lproj/LaunchScreen.storyboard; sourceTree = "<group>"; };
		68CCAA4D26D771CB00C6C633 /* Info.plist */ = {isa = PBXFileReference; lastKnownFileType = text.plist.xml; path = Info.plist; sourceTree = "<group>"; };
/* End PBXFileReference section */

/* Begin PBXFrameworksBuildPhase section */
		68CCAA3926D771C400C6C633 /* Frameworks */ = {
			isa = PBXFrameworksBuildPhase;
			buildActionMask = 2147483647;
			files = (
			);
			runOnlyForDeploymentPostprocessing = 0;
		};
/* End PBXFrameworksBuildPhase section */

/* Begin PBXGroup section */
		68CCAA3326D771C400C6C633 = {
			isa = PBXGroup;
			children = (
				68CCAA3E26D771C400C6C633 /* SimpleVK */,
				68CCAA3D26D771C400C6C633 /* Products */,
			);
			sourceTree = "<group>";
		};
		68CCAA3D26D771C400C6C633 /* Products */ = {
			isa = PBXGroup;
			children = (
				68CCAA3C26D771C400C6C633 /* SimpleVK.app */,
			);
			name = Products;
			sourceTree = "<group>";
		};
		68CCAA3E26D771C400C6C633 /* SimpleVK */ = {
			isa = PBXGroup;
			children = (
				68CCAA3F26D771C400C6C633 /* AppDelegate.swift */,
				68CCAA4126D771C400C6C633 /* SceneDelegate.swift */,
				68CCAA4326D771C400C6C633 /* ViewController.swift */,
				68CCAA4526D771C400C6C633 /* Main.storyboard */,
				68CCAA4826D771CB00C6C633 /* Assets.xcassets */,
				68CCAA4A26D771CB00C6C633 /* LaunchScreen.storyboard */,
				68CCAA4D26D771CB00C6C633 /* Info.plist */,
			);
			path = SimpleVK;
			sourceTree = "<group>";
		};
/* End PBXGroup section */

/* Begin PBXNativeTarget section */
		68CCAA3B26D771C400C6C633 /* SimpleVK */ = {
			isa = PBXNativeTarget;
			buildConfigurationList = 68CCAA5026D771CB00C6C633 /* Build configuration list for PBXNativeTarget "SimpleVK" */;
			buildPhases = (
				68CCAA3826D771C400C6C633 /* Sources */,
				68CCAA3926D771C400C6C633 /* Frameworks */,
				68CCAA3A26D771C400C6C633 /* Resources */,
			);
			buildRules = (
			);
			dependencies = (
			);
			name = SimpleVK;
			productName = SimpleVK;
			productReference = 68CCAA3C26D771C400C6C633 /* SimpleVK.app */;
			productType = "com.apple.product-type.application";
		};
/* End PBXNativeTarget section */

/* Begin PBXProject section */
		68CCAA3426D771C400C6C633 /* Project object */ = {
			isa = PBXProject;
			attributes = {
				LastSwiftUpdateCheck = 1250;
				LastUpgradeCheck = 1250;
				TargetAttributes = {
					68CCAA3B26D771C400C6C633 = {
						CreatedOnToolsVersion = 12.5.1;
					};
				};
			};
			buildConfigurationList = 68CCAA3726D771C400C6C633 /* Build configuration list for PBXProject "SimpleVK" */;
			compatibilityVersion = "Xcode 9.3";
			developmentRegion = en;
			hasScannedForEncodings = 0;
			knownRegions = (
				en,
				Base,
			);
			mainGroup = 68CCAA3326D771C400C6C633;
			productRefGroup = 68CCAA3D26D771C400C6C633 /* Products */;
			projectDirPath = "";
			projectRoot = "";
			targets = (
				68CCAA3B26D771C400C6C633 /* SimpleVK */,
			);
		};
/* End PBXProject section */

/* Begin PBXResourcesBuildPhase section */
		68CCAA3A26D771C400C6C633 /* Resources */ = {
			isa = PBXResourcesBuildPhase;
			buildActionMask = 2147483647;
			files = (
				68CCAA4C26D771CB00C6C633 /* LaunchScreen.storyboard in Resources */,
				68CCAA4926D771CB00C6C633 /* Assets.xcassets in Resources */,
				68CCAA4726D771C400C6C633 /* Main.storyboard in Resources */,
			);
			runOnlyForDeploymentPostprocessing = 0;
		};
/* End PBXResourcesBuildPhase section */

/* Begin PBXSourcesBuildPhase section */
		68CCAA3826D771C400C6C633 /* Sources */ = {
			isa = PBXSourcesBuildPhase;
			buildActionMask = 2147483647;
			files = (
				68CCAA4426D771C400C6C633 /* ViewController.swift in Sources */,
				68CCAA4026D771C400C6C633 /* AppDelegate.swift in Sources */,
				68CCAA4226D771C400C6C633 /* SceneDelegate.swift in Sources */,
			);
			runOnlyForDeploymentPostprocessing = 0;
		};
/* End PBXSourcesBuildPhase section */

/* Begin PBXVariantGroup section */
		68CCAA4526D771C400C6C633 /* Main.storyboard */ = {
			isa = PBXVariantGroup;
			children = (
				68CCAA4626D771C400C6C633 /* Base */,
			);
			name = Main.storyboard;
			sourceTree = "<group>";
		};
		68CCAA4A26D771CB00C6C633 /* LaunchScreen.storyboard */ = {
			isa = PBXVariantGroup;
			children = (
				68CCAA4B26D771CB00C6C633 /* Base */,
			);
			name = LaunchScreen.storyboard;
			sourceTree = "<group>";
		};
/* End PBXVariantGroup section */

/* Begin XCBuildConfiguration section */
		68CCAA4E26D771CB00C6C633 /* Debug */ = {
			isa = XCBuildConfiguration;
			buildSettings = {
				ALWAYS_SEARCH_USER_PATHS = NO;
				CLANG_ANALYZER_NONNULL = YES;
				CLANG_ANALYZER_NUMBER_OBJECT_CONVERSION = YES_AGGRESSIVE;
				CLANG_CXX_LANGUAGE_STANDARD = "gnu++14";
				CLANG_CXX_LIBRARY = "libc++";
				CLANG_ENABLE_MODULES = YES;
				CLANG_ENABLE_OBJC_ARC = YES;
				CLANG_ENABLE_OBJC_WEAK = YES;
				CLANG_WARN_BLOCK_CAPTURE_AUTORELEASING = YES;
				CLANG_WARN_BOOL_CONVERSION = YES;
				CLANG_WARN_COMMA = YES;
				CLANG_WARN_CONSTANT_CONVERSION = YES;
				CLANG_WARN_DEPRECATED_OBJC_IMPLEMENTATIONS = YES;
				CLANG_WARN_DIRECT_OBJC_ISA_USAGE = YES_ERROR;
				CLANG_WARN_DOCUMENTATION_COMMENTS = YES;
				CLANG_WARN_EMPTY_BODY = YES;
				CLANG_WARN_ENUM_CONVERSION = YES;
				CLANG_WARN_INFINITE_RECURSION = YES;
				CLANG_WARN_INT_CONVERSION = YES;
				CLANG_WARN_NON_LITERAL_NULL_CONVERSION = YES;
				CLANG_WARN_OBJC_IMPLICIT_RETAIN_SELF = YES;
				CLANG_WARN_OBJC_LITERAL_CONVERSION = YES;
				CLANG_WARN_OBJC_ROOT_CLASS = YES_ERROR;
				CLANG_WARN_QUOTED_INCLUDE_IN_FRAMEWORK_HEADER = YES;
				CLANG_WARN_RANGE_LOOP_ANALYSIS = YES;
				CLANG_WARN_STRICT_PROTOTYPES = YES;
				CLANG_WARN_SUSPICIOUS_MOVE = YES;
				CLANG_WARN_UNGUARDED_AVAILABILITY = YES_AGGRESSIVE;
				CLANG_WARN_UNREACHABLE_CODE = YES;
				CLANG_WARN__DUPLICATE_METHOD_MATCH = YES;
				COPY_PHASE_STRIP = NO;
				DEBUG_INFORMATION_FORMAT = dwarf;
				ENABLE_STRICT_OBJC_MSGSEND = YES;
				ENABLE_TESTABILITY = YES;
				GCC_C_LANGUAGE_STANDARD = gnu11;
				GCC_DYNAMIC_NO_PIC = NO;
				GCC_NO_COMMON_BLOCKS = YES;
				GCC_OPTIMIZATION_LEVEL = 0;
				GCC_PREPROCESSOR_DEFINITIONS = (
					"DEBUG=1",
					"$(inherited)",
				);
				GCC_WARN_64_TO_32_BIT_CONVERSION = YES;
				GCC_WARN_ABOUT_RETURN_TYPE = YES_ERROR;
				GCC_WARN_UNDECLARED_SELECTOR = YES;
				GCC_WARN_UNINITIALIZED_AUTOS = YES_AGGRESSIVE;
				GCC_WARN_UNUSED_FUNCTION = YES;
				GCC_WARN_UNUSED_VARIABLE = YES;
				IPHONEOS_DEPLOYMENT_TARGET = 14.5;
				MTL_ENABLE_DEBUG_INFO = INCLUDE_SOURCE;
				MTL_FAST_MATH = YES;
				ONLY_ACTIVE_ARCH = YES;
				SDKROOT = iphoneos;
				SWIFT_ACTIVE_COMPILATION_CONDITIONS = DEBUG;
				SWIFT_OPTIMIZATION_LEVEL = "-Onone";
			};
			name = Debug;
		};
		68CCAA4F26D771CB00C6C633 /* Release */ = {
			isa = XCBuildConfiguration;
			buildSettings = {
				ALWAYS_SEARCH_USER_PATHS = NO;
				CLANG_ANALYZER_NONNULL = YES;
				CLANG_ANALYZER_NUMBER_OBJECT_CONVERSION = YES_AGGRESSIVE;
				CLANG_CXX_LANGUAGE_STANDARD = "gnu++14";
				CLANG_CXX_LIBRARY = "libc++";
				CLANG_ENABLE_MODULES = YES;
				CLANG_ENABLE_OBJC_ARC = YES;
				CLANG_ENABLE_OBJC_WEAK = YES;
				CLANG_WARN_BLOCK_CAPTURE_AUTORELEASING = YES;
				CLANG_WARN_BOOL_CONVERSION = YES;
				CLANG_WARN_COMMA = YES;
				CLANG_WARN_CONSTANT_CONVERSION = YES;
				CLANG_WARN_DEPRECATED_OBJC_IMPLEMENTATIONS = YES;
				CLANG_WARN_DIRECT_OBJC_ISA_USAGE = YES_ERROR;
				CLANG_WARN_DOCUMENTATION_COMMENTS = YES;
				CLANG_WARN_EMPTY_BODY = YES;
				CLANG_WARN_ENUM_CONVERSION = YES;
				CLANG_WARN_INFINITE_RECURSION = YES;
				CLANG_WARN_INT_CONVERSION = YES;
				CLANG_WARN_NON_LITERAL_NULL_CONVERSION = YES;
				CLANG_WARN_OBJC_IMPLICIT_RETAIN_SELF = YES;
				CLANG_WARN_OBJC_LITERAL_CONVERSION = YES;
				CLANG_WARN_OBJC_ROOT_CLASS = YES_ERROR;
				CLANG_WARN_QUOTED_INCLUDE_IN_FRAMEWORK_HEADER = YES;
				CLANG_WARN_RANGE_LOOP_ANALYSIS = YES;
				CLANG_WARN_STRICT_PROTOTYPES = YES;
				CLANG_WARN_SUSPICIOUS_MOVE = YES;
				CLANG_WARN_UNGUARDED_AVAILABILITY = YES_AGGRESSIVE;
				CLANG_WARN_UNREACHABLE_CODE = YES;
				CLANG_WARN__DUPLICATE_METHOD_MATCH = YES;
				COPY_PHASE_STRIP = NO;
				DEBUG_INFORMATION_FORMAT = "dwarf-with-dsym";
				ENABLE_NS_ASSERTIONS = NO;
				ENABLE_STRICT_OBJC_MSGSEND = YES;
				GCC_C_LANGUAGE_STANDARD = gnu11;
				GCC_NO_COMMON_BLOCKS = YES;
				GCC_WARN_64_TO_32_BIT_CONVERSION = YES;
				GCC_WARN_ABOUT_RETURN_TYPE = YES_ERROR;
				GCC_WARN_UNDECLARED_SELECTOR = YES;
				GCC_WARN_UNINITIALIZED_AUTOS = YES_AGGRESSIVE;
				GCC_WARN_UNUSED_FUNCTION = YES;
				GCC_WARN_UNUSED_VARIABLE = YES;
				IPHONEOS_DEPLOYMENT_TARGET = 14.5;
				MTL_ENABLE_DEBUG_INFO = NO;
				MTL_FAST_MATH = YES;
				SDKROOT = iphoneos;
				SWIFT_COMPILATION_MODE = wholemodule;
				SWIFT_OPTIMIZATION_LEVEL = "-O";
				VALIDATE_PRODUCT = YES;
			};
			name = Release;
		};
		68CCAA5126D771CB00C6C633 /* Debug */ = {
			isa = XCBuildConfiguration;
			buildSettings = {
				ASSETCATALOG_COMPILER_APPICON_NAME = AppIcon;
				ASSETCATALOG_COMPILER_GLOBAL_ACCENT_COLOR_NAME = AccentColor;
				CODE_SIGN_STYLE = Automatic;
				DEVELOPMENT_TEAM = 6B8USNFRGW;
				INFOPLIST_FILE = SimpleVK/Info.plist;
				LD_RUNPATH_SEARCH_PATHS = (
					"$(inherited)",
					"@executable_path/Frameworks",
				);
				PRODUCT_BUNDLE_IDENTIFIER = com.Rusinovich.SimpleVK;
				PRODUCT_NAME = "$(TARGET_NAME)";
				SWIFT_VERSION = 5.0;
				TARGETED_DEVICE_FAMILY = "1,2";
			};
			name = Debug;
		};
		68CCAA5226D771CB00C6C633 /* Release */ = {
			isa = XCBuildConfiguration;
			buildSettings = {
				ASSETCATALOG_COMPILER_APPICON_NAME = AppIcon;
				ASSETCATALOG_COMPILER_GLOBAL_ACCENT_COLOR_NAME = AccentColor;
				CODE_SIGN_STYLE = Automatic;
				DEVELOPMENT_TEAM = 6B8USNFRGW;
				INFOPLIST_FILE = SimpleVK/Info.plist;
				LD_RUNPATH_SEARCH_PATHS = (
					"$(inherited)",
					"@executable_path/Frameworks",
				);
				PRODUCT_BUNDLE_IDENTIFIER = com.Rusinovich.SimpleVK;
				PRODUCT_NAME = "$(TARGET_NAME)";
				SWIFT_VERSION = 5.0;
				TARGETED_DEVICE_FAMILY = "1,2";
			};
			name = Release;
		};
/* End XCBuildConfiguration section */

/* Begin XCConfigurationList section */
		68CCAA3726D771C400C6C633 /* Build configuration list for PBXProject "SimpleVK" */ = {
			isa = XCConfigurationList;
			buildConfigurations = (
				68CCAA4E26D771CB00C6C633 /* Debug */,
				68CCAA4F26D771CB00C6C633 /* Release */,
			);
			defaultConfigurationIsVisible = 0;
			defaultConfigurationName = Release;
		};
		68CCAA5026D771CB00C6C633 /* Build configuration list for PBXNativeTarget "SimpleVK" */ = {
			isa = XCConfigurationList;
			buildConfigurations = (
				68CCAA5126D771CB00C6C633 /* Debug */,
				68CCAA5226D771CB00C6C633 /* Release */,
			);
			defaultConfigurationIsVisible = 0;
			defaultConfigurationName = Release;
		};
/* End XCConfigurationList section */
	};
	rootObject = 68CCAA3426D771C400C6C633 /* Project object */;
}
